// !$*UTF8*$!
{
	archiveVersion = 1;
	classes = {
	};
	objectVersion = 46;
	objects = {

/* Begin PBXBuildFile section */
		502BA2901BEB012900B3248E /* AppDelegate.swift in Sources */ = {isa = PBXBuildFile; fileRef = 502BA28F1BEB012900B3248E /* AppDelegate.swift */; };
		502BA2951BEB012900B3248E /* Main.storyboard in Resources */ = {isa = PBXBuildFile; fileRef = 502BA2931BEB012900B3248E /* Main.storyboard */; };
		502BA2971BEB012900B3248E /* Assets.xcassets in Resources */ = {isa = PBXBuildFile; fileRef = 502BA2961BEB012900B3248E /* Assets.xcassets */; };
		502BA29A1BEB012900B3248E /* LaunchScreen.storyboard in Resources */ = {isa = PBXBuildFile; fileRef = 502BA2981BEB012900B3248E /* LaunchScreen.storyboard */; };
/* End PBXBuildFile section */

/* Begin PBXFileReference section */
		502BA28C1BEB012900B3248E /* AutoLayoutInUIScrollView.app */ = {isa = PBXFileReference; explicitFileType = wrapper.application; includeInIndex = 0; path = AutoLayoutInUIScrollView.app; sourceTree = BUILT_PRODUCTS_DIR; };
		502BA28F1BEB012900B3248E /* AppDelegate.swift */ = {isa = PBXFileReference; lastKnownFileType = sourcecode.swift; path = AppDelegate.swift; sourceTree = "<group>"; };
		502BA2941BEB012900B3248E /* Base */ = {isa = PBXFileReference; lastKnownFileType = file.storyboard; name = Base; path = Base.lproj/Main.storyboard; sourceTree = "<group>"; };
		502BA2961BEB012900B3248E /* Assets.xcassets */ = {isa = PBXFileReference; lastKnownFileType = folder.assetcatalog; path = Assets.xcassets; sourceTree = "<group>"; };
		502BA2991BEB012900B3248E /* Base */ = {isa = PBXFileReference; lastKnownFileType = file.storyboard; name = Base; path = Base.lproj/LaunchScreen.storyboard; sourceTree = "<group>"; };
		502BA29B1BEB012900B3248E /* Info.plist */ = {isa = PBXFileReference; lastKnownFileType = text.plist.xml; path = Info.plist; sourceTree = "<group>"; };
/* End PBXFileReference section */

/* Begin PBXFrameworksBuildPhase section */
		502BA2891BEB012900B3248E /* Frameworks */ = {
			isa = PBXFrameworksBuildPhase;
			buildActionMask = 2147483647;
			files = (
			);
			runOnlyForDeploymentPostprocessing = 0;
		};
/* End PBXFrameworksBuildPhase section */

/* Begin PBXGroup section */
		502BA2831BEB012900B3248E = {
			isa = PBXGroup;
			children = (
				502BA28E1BEB012900B3248E /* AutoLayoutInUIScrollView */,
				502BA28D1BEB012900B3248E /* Products */,
			);
			sourceTree = "<group>";
		};
		502BA28D1BEB012900B3248E /* Products */ = {
			isa = PBXGroup;
			children = (
				502BA28C1BEB012900B3248E /* AutoLayoutInUIScrollView.app */,
			);
			name = Products;
			sourceTree = "<group>";
		};
		502BA28E1BEB012900B3248E /* AutoLayoutInUIScrollView */ = {
			isa = PBXGroup;
			children = (
				502BA28F1BEB012900B3248E /* AppDelegate.swift */,
				502BA2931BEB012900B3248E /* Main.storyboard */,
				502BA2961BEB012900B3248E /* Assets.xcassets */,
				502BA2981BEB012900B3248E /* LaunchScreen.storyboard */,
				502BA29B1BEB012900B3248E /* Info.plist */,
			);
			path = AutoLayoutInUIScrollView;
			sourceTree = "<group>";
		};
/* End PBXGroup section */

/* Begin PBXNativeTarget section */
		502BA28B1BEB012900B3248E /* AutoLayoutInUIScrollView */ = {
			isa = PBXNativeTarget;
			buildConfigurationList = 502BA29E1BEB012900B3248E /* Build configuration list for PBXNativeTarget "AutoLayoutInUIScrollView" */;
			buildPhases = (
				502BA2881BEB012900B3248E /* Sources */,
				502BA2891BEB012900B3248E /* Frameworks */,
				502BA28A1BEB012900B3248E /* Resources */,
			);
			buildRules = (
			);
			dependencies = (
			);
			name = AutoLayoutInUIScrollView;
			productName = AutoLayoutInUIScrollView;
			productReference = 502BA28C1BEB012900B3248E /* AutoLayoutInUIScrollView.app */;
			productType = "com.apple.product-type.application";
		};
/* End PBXNativeTarget section */

/* Begin PBXProject section */
		502BA2841BEB012900B3248E /* Project object */ = {
			isa = PBXProject;
			attributes = {
				LastSwiftUpdateCheck = 0710;
				LastUpgradeCheck = 0710;
				ORGANIZATIONNAME = nixWork;
				TargetAttributes = {
					502BA28B1BEB012900B3248E = {
						CreatedOnToolsVersion = 7.1;
					};
				};
			};
			buildConfigurationList = 502BA2871BEB012900B3248E /* Build configuration list for PBXProject "AutoLayoutInUIScrollView" */;
			compatibilityVersion = "Xcode 3.2";
			developmentRegion = English;
			hasScannedForEncodings = 0;
			knownRegions = (
				en,
				Base,
			);
			mainGroup = 502BA2831BEB012900B3248E;
			productRefGroup = 502BA28D1BEB012900B3248E /* Products */;
			projectDirPath = "";
			projectRoot = "";
			targets = (
				502BA28B1BEB012900B3248E /* AutoLayoutInUIScrollView */,
			);
		};
/* End PBXProject section */

/* Begin PBXResourcesBuildPhase section */
		502BA28A1BEB012900B3248E /* Resources */ = {
			isa = PBXResourcesBuildPhase;
			buildActionMask = 2147483647;
			files = (
				502BA29A1BEB012900B3248E /* LaunchScreen.storyboard in Resources */,
				502BA2971BEB012900B3248E /* Assets.xcassets in Resources */,
				502BA2951BEB012900B3248E /* Main.storyboard in Resources */,
			);
			runOnlyForDeploymentPostprocessing = 0;
		};
/* End PBXResourcesBuildPhase section */

/* Begin PBXSourcesBuildPhase section */
		502BA2881BEB012900B3248E /* Sources */ = {
			isa = PBXSourcesBuildPhase;
			buildActionMask = 2147483647;
			files = (
				502BA2901BEB012900B3248E /* AppDelegate.swift in Sources */,
			);
			runOnlyForDeploymentPostprocessing = 0;
		};
/* End PBXSourcesBuildPhase section */

/* Begin PBXVariantGroup section */
		502BA2931BEB012900B3248E /* Main.storyboard */ = {
			isa = PBXVariantGroup;
			children = (
				502BA2941BEB012900B3248E /* Base */,
			);
			name = Main.storyboard;
			sourceTree = "<group>";
		};
		502BA2981BEB012900B3248E /* LaunchScreen.storyboard */ = {
			isa = PBXVariantGroup;
			children = (
				502BA2991BEB012900B3248E /* Base */,
			);
			name = LaunchScreen.storyboard;
			sourceTree = "<group>";
		};
/* End PBXVariantGroup section */

/* Begin XCBuildConfiguration section */
		502BA29C1BEB012900B3248E /* Debug */ = {
			isa = XCBuildConfiguration;
			buildSettings = {
				ALWAYS_SEARCH_USER_PATHS = NO;
				CLANG_CXX_LANGUAGE_STANDARD = "gnu++0x";
				CLANG_CXX_LIBRARY = "libc++";
				CLANG_ENABLE_MODULES = YES;
				CLANG_ENABLE_OBJC_ARC = YES;
				CLANG_WARN_BOOL_CONVERSION = YES;
				CLANG_WARN_CONSTANT_CONVERSION = YES;
				CLANG_WARN_DIRECT_OBJC_ISA_USAGE = YES_ERROR;
				CLANG_WARN_EMPTY_BODY = YES;
				CLANG_WARN_ENUM_CONVERSION = YES;
				CLANG_WARN_INT_CONVERSION = YES;
				CLANG_WARN_OBJC_ROOT_CLASS = YES_ERROR;
				CLANG_WARN_UNREACHABLE_CODE = YES;
				CLANG_WARN__DUPLICATE_METHOD_MATCH = YES;
				"CODE_SIGN_IDENTITY[sdk=iphoneos*]" = "iPhone Developer";
				COPY_PHASE_STRIP = NO;
				DEBUG_INFORMATION_FORMAT = dwarf;
				ENABLE_STRICT_OBJC_MSGSEND = YES;
				ENABLE_TESTABILITY = YES;
				GCC_C_LANGUAGE_STANDARD = gnu99;
				GCC_DYNAMIC_NO_PIC = NO;
				GCC_NO_COMMON_BLOCKS = YES;
				GCC_OPTIMIZATION_LEVEL = 0;
				GCC_PREPROCESSOR_DEFINITIONS = (
					"DEBUG=1",
					"$(inherited)",
				);
				GCC_WARN_64_TO_32_BIT_CONVERSION = YES;
				GCC_WARN_ABOUT_RETURN_TYPE = YES_ERROR;
				GCC_WARN_UNDECLARED_SELECTOR = YES;
				GCC_WARN_UNINITIALIZED_AUTOS = YES_AGGRESSIVE;
				GCC_WARN_UNUSED_FUNCTION = YES;
				GCC_WARN_UNUSED_VARIABLE = YES;
				IPHONEOS_DEPLOYMENT_TARGET = 8.0;
				MTL_ENABLE_DEBUG_INFO = YES;
				ONLY_ACTIVE_ARCH = YES;
				SDKROOT = iphoneos;
				SWIFT_OPTIMIZATION_LEVEL = "-Onone";
				TARGETED_DEVICE_FAMILY = "1,2";
			};
			name = Debug;
		};
		502BA29D1BEB012900B3248E /* Release */ = {
			isa = XCBuildConfiguration;
			buildSettings = {
				ALWAYS_SEARCH_USER_PATHS = NO;
				CLANG_CXX_LANGUAGE_STANDARD = "gnu++0x";
				CLANG_CXX_LIBRARY = "libc++";
				CLANG_ENABLE_MODULES = YES;
				CLANG_ENABLE_OBJC_ARC = YES;
				CLANG_WARN_BOOL_CONVERSION = YES;
				CLANG_WARN_CONSTANT_CONVERSION = YES;
				CLANG_WARN_DIRECT_OBJC_ISA_USAGE = YES_ERROR;
				CLANG_WARN_EMPTY_BODY = YES;
				CLANG_WARN_ENUM_CONVERSION = YES;
				CLANG_WARN_INT_CONVERSION = YES;
				CLANG_WARN_OBJC_ROOT_CLASS = YES_ERROR;
				CLANG_WARN_UNREACHABLE_CODE = YES;
				CLANG_WARN__DUPLICATE_METHOD_MATCH = YES;
				"CODE_SIGN_IDENTITY[sdk=iphoneos*]" = "iPhone Developer";
				COPY_PHASE_STRIP = NO;
				DEBUG_INFORMATION_FORMAT = "dwarf-with-dsym";
				ENABLE_NS_ASSERTIONS = NO;
				ENABLE_STRICT_OBJC_MSGSEND = YES;
				GCC_C_LANGUAGE_STANDARD = gnu99;
				GCC_NO_COMMON_BLOCKS = YES;
				GCC_WARN_64_TO_32_BIT_CONVERSION = YES;
				GCC_WARN_ABOUT_RETURN_TYPE = YES_ERROR;
				GCC_WARN_UNDECLARED_SELECTOR = YES;
				GCC_WARN_UNINITIALIZED_AUTOS = YES_AGGRESSIVE;
				GCC_WARN_UNUSED_FUNCTION = YES;
				GCC_WARN_UNUSED_VARIABLE = YES;
				IPHONEOS_DEPLOYMENT_TARGET = 8.0;
				MTL_ENABLE_DEBUG_INFO = NO;
				SDKROOT = iphoneos;
				TARGETED_DEVICE_FAMILY = "1,2";
				VALIDATE_PRODUCT = YES;
			};
			name = Release;
		};
		502BA29F1BEB012900B3248E /* Debug */ = {
			isa = XCBuildConfiguration;
			buildSettings = {
				ASSETCATALOG_COMPILER_APPICON_NAME = AppIcon;
				INFOPLIST_FILE = AutoLayoutInUIScrollView/Info.plist;
				LD_RUNPATH_SEARCH_PATHS = "$(inherited) @executable_path/Frameworks";
				PRODUCT_BUNDLE_IDENTIFIER = com.nixWork.AutoLayoutInUIScrollView;
				PRODUCT_NAME = "$(TARGET_NAME)";
			};
			name = Debug;
		};
		502BA2A01BEB012900B3248E /* Release */ = {
			isa = XCBuildConfiguration;
			buildSettings = {
				ASSETCATALOG_COMPILER_APPICON_NAME = AppIcon;
				INFOPLIST_FILE = AutoLayoutInUIScrollView/Info.plist;
				LD_RUNPATH_SEARCH_PATHS = "$(inherited) @executable_path/Frameworks";
				PRODUCT_BUNDLE_IDENTIFIER = com.nixWork.AutoLayoutInUIScrollView;
				PRODUCT_NAME = "$(TARGET_NAME)";
			};
			name = Release;
		};
/* End XCBuildConfiguration section */

/* Begin XCConfigurationList section */
		502BA2871BEB012900B3248E /* Build configuration list for PBXProject "AutoLayoutInUIScrollView" */ = {
			isa = XCConfigurationList;
			buildConfigurations = (
				502BA29C1BEB012900B3248E /* Debug */,
				502BA29D1BEB012900B3248E /* Release */,
			);
			defaultConfigurationIsVisible = 0;
			defaultConfigurationName = Release;
		};
		502BA29E1BEB012900B3248E /* Build configuration list for PBXNativeTarget "AutoLayoutInUIScrollView" */ = {
			isa = XCConfigurationList;
			buildConfigurations = (
				502BA29F1BEB012900B3248E /* Debug */,
				502BA2A01BEB012900B3248E /* Release */,
			);
			defaultConfigurationIsVisible = 0;
		};
/* End XCConfigurationList section */
	};
	rootObject = 502BA2841BEB012900B3248E /* Project object */;
}
